// !$*UTF8*$!
{
	archiveVersion = 1;
	classes = {
	};
	objectVersion = 46;
	objects = {

/* Begin PBXBuildFile section */
		3E1A7FDF1CD8A46F00ACA9F2 /* Assets.xcassets in Resources */ = {isa = PBXBuildFile; fileRef = 3E1A7FDE1CD8A46F00ACA9F2 /* Assets.xcassets */; };
		3E1A7FE21CD8A46F00ACA9F2 /* LaunchScreen.storyboard in Resources */ = {isa = PBXBuildFile; fileRef = 3E1A7FE01CD8A46F00ACA9F2 /* LaunchScreen.storyboard */; };
		3E1A7FED1CD8A46F00ACA9F2 /* TestiOSChartsTests.swift in Sources */ = {isa = PBXBuildFile; fileRef = 3E1A7FEC1CD8A46F00ACA9F2 /* TestiOSChartsTests.swift */; };
		3E1A7FF81CD8A46F00ACA9F2 /* TestiOSChartsUITests.swift in Sources */ = {isa = PBXBuildFile; fileRef = 3E1A7FF71CD8A46F00ACA9F2 /* TestiOSChartsUITests.swift */; };
		3E1A80251CD8BFBE00ACA9F2 /* AppDelegate.swift in Sources */ = {isa = PBXBuildFile; fileRef = 3E1A80141CD8BFBE00ACA9F2 /* AppDelegate.swift */; };
		3E1A80281CD8BFBE00ACA9F2 /* Global.m in Sources */ = {isa = PBXBuildFile; fileRef = 3E1A801C1CD8BFBE00ACA9F2 /* Global.m */; };
		3E1A802A1CD8BFBE00ACA9F2 /* CustomeTableCell.swift in Sources */ = {isa = PBXBuildFile; fileRef = 3E1A80241CD8BFBE00ACA9F2 /* CustomeTableCell.swift */; };
		3E1A802C1CD8C12200ACA9F2 /* Main.storyboard in Resources */ = {isa = PBXBuildFile; fileRef = 3E1A802B1CD8C12200ACA9F2 /* Main.storyboard */; };
		CE8C6C4024BC7783C53538B7 /* Pods_TestiOSCharts.framework in Frameworks */ = {isa = PBXBuildFile; fileRef = 0FBBBEDEC6D70E665BAEB31F /* Pods_TestiOSCharts.framework */; };
		DEBE17F71CE1D845006A0E2B /* AgeOfPatientViewController.swift in Sources */ = {isa = PBXBuildFile; fileRef = DEBE17F01CE1D845006A0E2B /* AgeOfPatientViewController.swift */; };
		DEBE17F81CE1D845006A0E2B /* ComapreNationalsViewController.swift in Sources */ = {isa = PBXBuildFile; fileRef = DEBE17F11CE1D845006A0E2B /* ComapreNationalsViewController.swift */; };
		DEBE17F91CE1D845006A0E2B /* DoctorsForCancerViewController.swift in Sources */ = {isa = PBXBuildFile; fileRef = DEBE17F21CE1D845006A0E2B /* DoctorsForCancerViewController.swift */; };
		DEBE17FA1CE1D845006A0E2B /* ManagementIndicatorViewController.swift in Sources */ = {isa = PBXBuildFile; fileRef = DEBE17F31CE1D845006A0E2B /* ManagementIndicatorViewController.swift */; };
		DEBE17FB1CE1D845006A0E2B /* NumberOfPatientInOutViewController.swift in Sources */ = {isa = PBXBuildFile; fileRef = DEBE17F41CE1D845006A0E2B /* NumberOfPatientInOutViewController.swift */; };
		DEBE17FC1CE1D845006A0E2B /* NumberOfPatientViewController.swift in Sources */ = {isa = PBXBuildFile; fileRef = DEBE17F51CE1D845006A0E2B /* NumberOfPatientViewController.swift */; };
		DEBE17FD1CE1D845006A0E2B /* ViewController.swift in Sources */ = {isa = PBXBuildFile; fileRef = DEBE17F61CE1D845006A0E2B /* ViewController.swift */; };
		DEBF82261CE43CD7009BB3CD /* BubbleChartXY.swift in Sources */ = {isa = PBXBuildFile; fileRef = DEBF82251CE43CD7009BB3CD /* BubbleChartXY.swift */; };
		DEBF82291CE43DC9009BB3CD /* Helper.swift in Sources */ = {isa = PBXBuildFile; fileRef = DEBF82281CE43DC9009BB3CD /* Helper.swift */; };
/* End PBXBuildFile section */

/* Begin PBXContainerItemProxy section */
		3E1A7FE91CD8A46F00ACA9F2 /* PBXContainerItemProxy */ = {
			isa = PBXContainerItemProxy;
			containerPortal = 3E1A7FCC1CD8A46F00ACA9F2 /* Project object */;
			proxyType = 1;
			remoteGlobalIDString = 3E1A7FD31CD8A46F00ACA9F2;
			remoteInfo = TestiOSCharts;
		};
		3E1A7FF41CD8A46F00ACA9F2 /* PBXContainerItemProxy */ = {
			isa = PBXContainerItemProxy;
			containerPortal = 3E1A7FCC1CD8A46F00ACA9F2 /* Project object */;
			proxyType = 1;
			remoteGlobalIDString = 3E1A7FD31CD8A46F00ACA9F2;
			remoteInfo = TestiOSCharts;
		};
/* End PBXContainerItemProxy section */

/* Begin PBXFileReference section */
		0FBBBEDEC6D70E665BAEB31F /* Pods_TestiOSCharts.framework */ = {isa = PBXFileReference; explicitFileType = wrapper.framework; includeInIndex = 0; path = Pods_TestiOSCharts.framework; sourceTree = BUILT_PRODUCTS_DIR; };
		3E1A7FD41CD8A46F00ACA9F2 /* TestiOSCharts.app */ = {isa = PBXFileReference; explicitFileType = wrapper.application; includeInIndex = 0; path = TestiOSCharts.app; sourceTree = BUILT_PRODUCTS_DIR; };
		3E1A7FDE1CD8A46F00ACA9F2 /* Assets.xcassets */ = {isa = PBXFileReference; lastKnownFileType = folder.assetcatalog; path = Assets.xcassets; sourceTree = "<group>"; };
		3E1A7FE11CD8A46F00ACA9F2 /* Base */ = {isa = PBXFileReference; lastKnownFileType = file.storyboard; name = Base; path = Base.lproj/LaunchScreen.storyboard; sourceTree = "<group>"; };
		3E1A7FE31CD8A46F00ACA9F2 /* Info.plist */ = {isa = PBXFileReference; lastKnownFileType = text.plist.xml; path = Info.plist; sourceTree = "<group>"; };
		3E1A7FE81CD8A46F00ACA9F2 /* TestiOSChartsTests.xctest */ = {isa = PBXFileReference; explicitFileType = wrapper.cfbundle; includeInIndex = 0; path = TestiOSChartsTests.xctest; sourceTree = BUILT_PRODUCTS_DIR; };
		3E1A7FEC1CD8A46F00ACA9F2 /* TestiOSChartsTests.swift */ = {isa = PBXFileReference; lastKnownFileType = sourcecode.swift; path = TestiOSChartsTests.swift; sourceTree = "<group>"; };
		3E1A7FEE1CD8A46F00ACA9F2 /* Info.plist */ = {isa = PBXFileReference; lastKnownFileType = text.plist.xml; path = Info.plist; sourceTree = "<group>"; };
		3E1A7FF31CD8A46F00ACA9F2 /* TestiOSChartsUITests.xctest */ = {isa = PBXFileReference; explicitFileType = wrapper.cfbundle; includeInIndex = 0; path = TestiOSChartsUITests.xctest; sourceTree = BUILT_PRODUCTS_DIR; };
		3E1A7FF71CD8A46F00ACA9F2 /* TestiOSChartsUITests.swift */ = {isa = PBXFileReference; lastKnownFileType = sourcecode.swift; path = TestiOSChartsUITests.swift; sourceTree = "<group>"; };
		3E1A7FF91CD8A46F00ACA9F2 /* Info.plist */ = {isa = PBXFileReference; lastKnownFileType = text.plist.xml; path = Info.plist; sourceTree = "<group>"; };
		3E1A80141CD8BFBE00ACA9F2 /* AppDelegate.swift */ = {isa = PBXFileReference; fileEncoding = 4; lastKnownFileType = sourcecode.swift; path = AppDelegate.swift; sourceTree = "<group>"; };
		3E1A801B1CD8BFBE00ACA9F2 /* Global.h */ = {isa = PBXFileReference; fileEncoding = 4; lastKnownFileType = sourcecode.c.h; path = Global.h; sourceTree = "<group>"; };
		3E1A801C1CD8BFBE00ACA9F2 /* Global.m */ = {isa = PBXFileReference; fileEncoding = 4; lastKnownFileType = sourcecode.c.objc; path = Global.m; sourceTree = "<group>"; };
		3E1A80241CD8BFBE00ACA9F2 /* CustomeTableCell.swift */ = {isa = PBXFileReference; fileEncoding = 4; lastKnownFileType = sourcecode.swift; path = CustomeTableCell.swift; sourceTree = "<group>"; };
		3E1A802B1CD8C12200ACA9F2 /* Main.storyboard */ = {isa = PBXFileReference; fileEncoding = 4; lastKnownFileType = file.storyboard; path = Main.storyboard; sourceTree = "<group>"; };
		B05CA19B5724DE3AABD1F3CF /* Pods-TestiOSCharts.debug.xcconfig */ = {isa = PBXFileReference; includeInIndex = 1; lastKnownFileType = text.xcconfig; name = "Pods-TestiOSCharts.debug.xcconfig"; path = "Pods/Target Support Files/Pods-TestiOSCharts/Pods-TestiOSCharts.debug.xcconfig"; sourceTree = "<group>"; };
		DEBE17F01CE1D845006A0E2B /* AgeOfPatientViewController.swift */ = {isa = PBXFileReference; fileEncoding = 4; lastKnownFileType = sourcecode.swift; path = AgeOfPatientViewController.swift; sourceTree = "<group>"; };
		DEBE17F11CE1D845006A0E2B /* ComapreNationalsViewController.swift */ = {isa = PBXFileReference; fileEncoding = 4; lastKnownFileType = sourcecode.swift; path = ComapreNationalsViewController.swift; sourceTree = "<group>"; };
		DEBE17F21CE1D845006A0E2B /* DoctorsForCancerViewController.swift */ = {isa = PBXFileReference; fileEncoding = 4; lastKnownFileType = sourcecode.swift; path = DoctorsForCancerViewController.swift; sourceTree = "<group>"; };
		DEBE17F31CE1D845006A0E2B /* ManagementIndicatorViewController.swift */ = {isa = PBXFileReference; fileEncoding = 4; lastKnownFileType = sourcecode.swift; path = ManagementIndicatorViewController.swift; sourceTree = "<group>"; };
		DEBE17F41CE1D845006A0E2B /* NumberOfPatientInOutViewController.swift */ = {isa = PBXFileReference; fileEncoding = 4; lastKnownFileType = sourcecode.swift; path = NumberOfPatientInOutViewController.swift; sourceTree = "<group>"; };
		DEBE17F51CE1D845006A0E2B /* NumberOfPatientViewController.swift */ = {isa = PBXFileReference; fileEncoding = 4; lastKnownFileType = sourcecode.swift; path = NumberOfPatientViewController.swift; sourceTree = "<group>"; };
		DEBE17F61CE1D845006A0E2B /* ViewController.swift */ = {isa = PBXFileReference; fileEncoding = 4; lastKnownFileType = sourcecode.swift; path = ViewController.swift; sourceTree = "<group>"; };
		DEBF82251CE43CD7009BB3CD /* BubbleChartXY.swift */ = {isa = PBXFileReference; fileEncoding = 4; lastKnownFileType = sourcecode.swift; path = BubbleChartXY.swift; sourceTree = "<group>"; };
		DEBF82281CE43DC9009BB3CD /* Helper.swift */ = {isa = PBXFileReference; fileEncoding = 4; lastKnownFileType = sourcecode.swift; path = Helper.swift; sourceTree = "<group>"; };
		E06DB3A32D35DCF45E739CBC /* Pods-TestiOSCharts.release.xcconfig */ = {isa = PBXFileReference; includeInIndex = 1; lastKnownFileType = text.xcconfig; name = "Pods-TestiOSCharts.release.xcconfig"; path = "Pods/Target Support Files/Pods-TestiOSCharts/Pods-TestiOSCharts.release.xcconfig"; sourceTree = "<group>"; };
/* End PBXFileReference section */

/* Begin PBXFrameworksBuildPhase section */
		3E1A7FD11CD8A46F00ACA9F2 /* Frameworks */ = {
			isa = PBXFrameworksBuildPhase;
			buildActionMask = 2147483647;
			files = (
				CE8C6C4024BC7783C53538B7 /* Pods_TestiOSCharts.framework in Frameworks */,
			);
			runOnlyForDeploymentPostprocessing = 0;
		};
		3E1A7FE51CD8A46F00ACA9F2 /* Frameworks */ = {
			isa = PBXFrameworksBuildPhase;
			buildActionMask = 2147483647;
			files = (
			);
			runOnlyForDeploymentPostprocessing = 0;
		};
		3E1A7FF01CD8A46F00ACA9F2 /* Frameworks */ = {
			isa = PBXFrameworksBuildPhase;
			buildActionMask = 2147483647;
			files = (
			);
			runOnlyForDeploymentPostprocessing = 0;
		};
/* End PBXFrameworksBuildPhase section */

/* Begin PBXGroup section */
		18ED8EA9AC15752B64DB1FE5 /* Frameworks */ = {
			isa = PBXGroup;
			children = (
				0FBBBEDEC6D70E665BAEB31F /* Pods_TestiOSCharts.framework */,
			);
			name = Frameworks;
			sourceTree = "<group>";
		};
		3E1A7FCB1CD8A46F00ACA9F2 = {
			isa = PBXGroup;
			children = (
				3E1A7FD61CD8A46F00ACA9F2 /* TestiOSCharts */,
				3E1A7FEB1CD8A46F00ACA9F2 /* TestiOSChartsTests */,
				3E1A7FF61CD8A46F00ACA9F2 /* TestiOSChartsUITests */,
				3E1A7FD51CD8A46F00ACA9F2 /* Products */,
				7D3E325C4A8893251DD54523 /* Pods */,
				18ED8EA9AC15752B64DB1FE5 /* Frameworks */,
			);
			sourceTree = "<group>";
		};
		3E1A7FD51CD8A46F00ACA9F2 /* Products */ = {
			isa = PBXGroup;
			children = (
				3E1A7FD41CD8A46F00ACA9F2 /* TestiOSCharts.app */,
				3E1A7FE81CD8A46F00ACA9F2 /* TestiOSChartsTests.xctest */,
				3E1A7FF31CD8A46F00ACA9F2 /* TestiOSChartsUITests.xctest */,
			);
			name = Products;
			sourceTree = "<group>";
		};
		3E1A7FD61CD8A46F00ACA9F2 /* TestiOSCharts */ = {
			isa = PBXGroup;
			children = (
				3E1A800E1CD8BFBE00ACA9F2 /* Resource */,
				3E1A80121CD8BFBE00ACA9F2 /* Source */,
				3E1A800D1CD8BF0100ACA9F2 /* Supporting Files */,
			);
			path = TestiOSCharts;
			sourceTree = "<group>";
		};
		3E1A7FEB1CD8A46F00ACA9F2 /* TestiOSChartsTests */ = {
			isa = PBXGroup;
			children = (
				3E1A7FEC1CD8A46F00ACA9F2 /* TestiOSChartsTests.swift */,
				3E1A7FEE1CD8A46F00ACA9F2 /* Info.plist */,
			);
			path = TestiOSChartsTests;
			sourceTree = "<group>";
		};
		3E1A7FF61CD8A46F00ACA9F2 /* TestiOSChartsUITests */ = {
			isa = PBXGroup;
			children = (
				3E1A7FF71CD8A46F00ACA9F2 /* TestiOSChartsUITests.swift */,
				3E1A7FF91CD8A46F00ACA9F2 /* Info.plist */,
			);
			path = TestiOSChartsUITests;
			sourceTree = "<group>";
		};
		3E1A800D1CD8BF0100ACA9F2 /* Supporting Files */ = {
			isa = PBXGroup;
			children = (
				3E1A7FE01CD8A46F00ACA9F2 /* LaunchScreen.storyboard */,
				3E1A7FDE1CD8A46F00ACA9F2 /* Assets.xcassets */,
				3E1A7FE31CD8A46F00ACA9F2 /* Info.plist */,
			);
			name = "Supporting Files";
			sourceTree = "<group>";
		};
		3E1A800E1CD8BFBE00ACA9F2 /* Resource */ = {
			isa = PBXGroup;
			children = (
				3E1A800F1CD8BFBE00ACA9F2 /* data */,
				3E1A80101CD8BFBE00ACA9F2 /* images */,
				3E1A80111CD8BFBE00ACA9F2 /* sounds */,
			);
			path = Resource;
			sourceTree = "<group>";
		};
		3E1A800F1CD8BFBE00ACA9F2 /* data */ = {
			isa = PBXGroup;
			children = (
			);
			path = data;
			sourceTree = "<group>";
		};
		3E1A80101CD8BFBE00ACA9F2 /* images */ = {
			isa = PBXGroup;
			children = (
			);
			path = images;
			sourceTree = "<group>";
		};
		3E1A80111CD8BFBE00ACA9F2 /* sounds */ = {
			isa = PBXGroup;
			children = (
			);
			path = sounds;
			sourceTree = "<group>";
		};
		3E1A80121CD8BFBE00ACA9F2 /* Source */ = {
			isa = PBXGroup;
			children = (
				DEBF82271CE43DC9009BB3CD /* Helper */,
				3E1A80131CD8BFBE00ACA9F2 /* AppDelegate */,
				3E1A80151CD8BFBE00ACA9F2 /* Controller */,
				3E1A801A1CD8BFBE00ACA9F2 /* Global */,
				3E1A80201CD8BFBE00ACA9F2 /* Libs */,
				3E1A80211CD8BFBE00ACA9F2 /* Model */,
				3E1A80221CD8BFBE00ACA9F2 /* View */,
			);
			path = Source;
			sourceTree = "<group>";
		};
		3E1A80131CD8BFBE00ACA9F2 /* AppDelegate */ = {
			isa = PBXGroup;
			children = (
				3E1A80141CD8BFBE00ACA9F2 /* AppDelegate.swift */,
			);
			path = AppDelegate;
			sourceTree = "<group>";
		};
		3E1A80151CD8BFBE00ACA9F2 /* Controller */ = {
			isa = PBXGroup;
			children = (
				3E1A802B1CD8C12200ACA9F2 /* Main.storyboard */,
				DEBE17F61CE1D845006A0E2B /* ViewController.swift */,
				DEBE17F01CE1D845006A0E2B /* AgeOfPatientViewController.swift */,
				DEBE17F21CE1D845006A0E2B /* DoctorsForCancerViewController.swift */,
				DEBE17F31CE1D845006A0E2B /* ManagementIndicatorViewController.swift */,
				DEBE17F41CE1D845006A0E2B /* NumberOfPatientInOutViewController.swift */,
				DEBE17F51CE1D845006A0E2B /* NumberOfPatientViewController.swift */,
				DEBE17F11CE1D845006A0E2B /* ComapreNationalsViewController.swift */,
				DEBF82251CE43CD7009BB3CD /* BubbleChartXY.swift */,
			);
			path = Controller;
			sourceTree = "<group>";
		};
		3E1A801A1CD8BFBE00ACA9F2 /* Global */ = {
			isa = PBXGroup;
			children = (
				3E1A801B1CD8BFBE00ACA9F2 /* Global.h */,
				3E1A801C1CD8BFBE00ACA9F2 /* Global.m */,
			);
			path = Global;
			sourceTree = "<group>";
		};
		3E1A80201CD8BFBE00ACA9F2 /* Libs */ = {
			isa = PBXGroup;
			children = (
			);
			path = Libs;
			sourceTree = "<group>";
		};
		3E1A80211CD8BFBE00ACA9F2 /* Model */ = {
			isa = PBXGroup;
			children = (
			);
			path = Model;
			sourceTree = "<group>";
		};
		3E1A80221CD8BFBE00ACA9F2 /* View */ = {
			isa = PBXGroup;
			children = (
				3E1A80231CD8BFBE00ACA9F2 /* CustomeTableCell */,
			);
			path = View;
			sourceTree = "<group>";
		};
		3E1A80231CD8BFBE00ACA9F2 /* CustomeTableCell */ = {
			isa = PBXGroup;
			children = (
				3E1A80241CD8BFBE00ACA9F2 /* CustomeTableCell.swift */,
			);
			path = CustomeTableCell;
			sourceTree = "<group>";
		};
		7D3E325C4A8893251DD54523 /* Pods */ = {
			isa = PBXGroup;
			children = (
				B05CA19B5724DE3AABD1F3CF /* Pods-TestiOSCharts.debug.xcconfig */,
				E06DB3A32D35DCF45E739CBC /* Pods-TestiOSCharts.release.xcconfig */,
			);
			name = Pods;
			sourceTree = "<group>";
		};
		DEBF82271CE43DC9009BB3CD /* Helper */ = {
			isa = PBXGroup;
			children = (
				DEBF82281CE43DC9009BB3CD /* Helper.swift */,
			);
			path = Helper;
			sourceTree = "<group>";
		};
/* End PBXGroup section */

/* Begin PBXNativeTarget section */
		3E1A7FD31CD8A46F00ACA9F2 /* TestiOSCharts */ = {
			isa = PBXNativeTarget;
			buildConfigurationList = 3E1A7FFC1CD8A46F00ACA9F2 /* Build configuration list for PBXNativeTarget "TestiOSCharts" */;
			buildPhases = (
				09E67556E5B6C607B2D324A4 /* 📦 Check Pods Manifest.lock */,
				3E1A7FD01CD8A46F00ACA9F2 /* Sources */,
				3E1A7FD11CD8A46F00ACA9F2 /* Frameworks */,
				3E1A7FD21CD8A46F00ACA9F2 /* Resources */,
				A539BF5996B801FF2720B0ED /* 📦 Embed Pods Frameworks */,
				03A8F7C786B55945EF7D47F5 /* 📦 Copy Pods Resources */,
			);
			buildRules = (
			);
			dependencies = (
			);
			name = TestiOSCharts;
			productName = TestiOSCharts;
			productReference = 3E1A7FD41CD8A46F00ACA9F2 /* TestiOSCharts.app */;
			productType = "com.apple.product-type.application";
		};
		3E1A7FE71CD8A46F00ACA9F2 /* TestiOSChartsTests */ = {
			isa = PBXNativeTarget;
			buildConfigurationList = 3E1A7FFF1CD8A46F00ACA9F2 /* Build configuration list for PBXNativeTarget "TestiOSChartsTests" */;
			buildPhases = (
				3E1A7FE41CD8A46F00ACA9F2 /* Sources */,
				3E1A7FE51CD8A46F00ACA9F2 /* Frameworks */,
				3E1A7FE61CD8A46F00ACA9F2 /* Resources */,
			);
			buildRules = (
			);
			dependencies = (
				3E1A7FEA1CD8A46F00ACA9F2 /* PBXTargetDependency */,
			);
			name = TestiOSChartsTests;
			productName = TestiOSChartsTests;
			productReference = 3E1A7FE81CD8A46F00ACA9F2 /* TestiOSChartsTests.xctest */;
			productType = "com.apple.product-type.bundle.unit-test";
		};
		3E1A7FF21CD8A46F00ACA9F2 /* TestiOSChartsUITests */ = {
			isa = PBXNativeTarget;
			buildConfigurationList = 3E1A80021CD8A46F00ACA9F2 /* Build configuration list for PBXNativeTarget "TestiOSChartsUITests" */;
			buildPhases = (
				3E1A7FEF1CD8A46F00ACA9F2 /* Sources */,
				3E1A7FF01CD8A46F00ACA9F2 /* Frameworks */,
				3E1A7FF11CD8A46F00ACA9F2 /* Resources */,
			);
			buildRules = (
			);
			dependencies = (
				3E1A7FF51CD8A46F00ACA9F2 /* PBXTargetDependency */,
			);
			name = TestiOSChartsUITests;
			productName = TestiOSChartsUITests;
			productReference = 3E1A7FF31CD8A46F00ACA9F2 /* TestiOSChartsUITests.xctest */;
			productType = "com.apple.product-type.bundle.ui-testing";
		};
/* End PBXNativeTarget section */

/* Begin PBXProject section */
		3E1A7FCC1CD8A46F00ACA9F2 /* Project object */ = {
			isa = PBXProject;
			attributes = {
				LastSwiftUpdateCheck = 0730;
				LastUpgradeCheck = 0730;
				ORGANIZATIONNAME = framgia;
				TargetAttributes = {
					3E1A7FD31CD8A46F00ACA9F2 = {
						CreatedOnToolsVersion = 7.3;
					};
					3E1A7FE71CD8A46F00ACA9F2 = {
						CreatedOnToolsVersion = 7.3;
						TestTargetID = 3E1A7FD31CD8A46F00ACA9F2;
					};
					3E1A7FF21CD8A46F00ACA9F2 = {
						CreatedOnToolsVersion = 7.3;
						TestTargetID = 3E1A7FD31CD8A46F00ACA9F2;
					};
				};
			};
			buildConfigurationList = 3E1A7FCF1CD8A46F00ACA9F2 /* Build configuration list for PBXProject "TestiOSCharts" */;
			compatibilityVersion = "Xcode 3.2";
			developmentRegion = English;
			hasScannedForEncodings = 0;
			knownRegions = (
				en,
				Base,
			);
			mainGroup = 3E1A7FCB1CD8A46F00ACA9F2;
			productRefGroup = 3E1A7FD51CD8A46F00ACA9F2 /* Products */;
			projectDirPath = "";
			projectRoot = "";
			targets = (
				3E1A7FD31CD8A46F00ACA9F2 /* TestiOSCharts */,
				3E1A7FE71CD8A46F00ACA9F2 /* TestiOSChartsTests */,
				3E1A7FF21CD8A46F00ACA9F2 /* TestiOSChartsUITests */,
			);
		};
/* End PBXProject section */

/* Begin PBXResourcesBuildPhase section */
		3E1A7FD21CD8A46F00ACA9F2 /* Resources */ = {
			isa = PBXResourcesBuildPhase;
			buildActionMask = 2147483647;
			files = (
				3E1A802C1CD8C12200ACA9F2 /* Main.storyboard in Resources */,
				3E1A7FE21CD8A46F00ACA9F2 /* LaunchScreen.storyboard in Resources */,
				3E1A7FDF1CD8A46F00ACA9F2 /* Assets.xcassets in Resources */,
			);
			runOnlyForDeploymentPostprocessing = 0;
		};
		3E1A7FE61CD8A46F00ACA9F2 /* Resources */ = {
			isa = PBXResourcesBuildPhase;
			buildActionMask = 2147483647;
			files = (
			);
			runOnlyForDeploymentPostprocessing = 0;
		};
		3E1A7FF11CD8A46F00ACA9F2 /* Resources */ = {
			isa = PBXResourcesBuildPhase;
			buildActionMask = 2147483647;
			files = (
			);
			runOnlyForDeploymentPostprocessing = 0;
		};
/* End PBXResourcesBuildPhase section */

/* Begin PBXShellScriptBuildPhase section */
		03A8F7C786B55945EF7D47F5 /* 📦 Copy Pods Resources */ = {
			isa = PBXShellScriptBuildPhase;
			buildActionMask = 2147483647;
			files = (
			);
			inputPaths = (
			);
			name = "📦 Copy Pods Resources";
			outputPaths = (
			);
			runOnlyForDeploymentPostprocessing = 0;
			shellPath = /bin/sh;
			shellScript = "\"${SRCROOT}/Pods/Target Support Files/Pods-TestiOSCharts/Pods-TestiOSCharts-resources.sh\"\n";
			showEnvVarsInLog = 0;
		};
		09E67556E5B6C607B2D324A4 /* 📦 Check Pods Manifest.lock */ = {
			isa = PBXShellScriptBuildPhase;
			buildActionMask = 2147483647;
			files = (
			);
			inputPaths = (
			);
			name = "📦 Check Pods Manifest.lock";
			outputPaths = (
			);
			runOnlyForDeploymentPostprocessing = 0;
			shellPath = /bin/sh;
			shellScript = "diff \"${PODS_ROOT}/../Podfile.lock\" \"${PODS_ROOT}/Manifest.lock\" > /dev/null\nif [[ $? != 0 ]] ; then\n    cat << EOM\nerror: The sandbox is not in sync with the Podfile.lock. Run 'pod install' or update your CocoaPods installation.\nEOM\n    exit 1\nfi\n";
			showEnvVarsInLog = 0;
		};
		A539BF5996B801FF2720B0ED /* 📦 Embed Pods Frameworks */ = {
			isa = PBXShellScriptBuildPhase;
			buildActionMask = 2147483647;
			files = (
			);
			inputPaths = (
			);
			name = "📦 Embed Pods Frameworks";
			outputPaths = (
			);
			runOnlyForDeploymentPostprocessing = 0;
			shellPath = /bin/sh;
			shellScript = "\"${SRCROOT}/Pods/Target Support Files/Pods-TestiOSCharts/Pods-TestiOSCharts-frameworks.sh\"\n";
			showEnvVarsInLog = 0;
		};
/* End PBXShellScriptBuildPhase section */

/* Begin PBXSourcesBuildPhase section */
		3E1A7FD01CD8A46F00ACA9F2 /* Sources */ = {
			isa = PBXSourcesBuildPhase;
			buildActionMask = 2147483647;
			files = (
				DEBE17FB1CE1D845006A0E2B /* NumberOfPatientInOutViewController.swift in Sources */,
				DEBE17FA1CE1D845006A0E2B /* ManagementIndicatorViewController.swift in Sources */,
				DEBE17FC1CE1D845006A0E2B /* NumberOfPatientViewController.swift in Sources */,
				3E1A80281CD8BFBE00ACA9F2 /* Global.m in Sources */,
				DEBE17F91CE1D845006A0E2B /* DoctorsForCancerViewController.swift in Sources */,
				DEBE17F81CE1D845006A0E2B /* ComapreNationalsViewController.swift in Sources */,
				DEBE17FD1CE1D845006A0E2B /* ViewController.swift in Sources */,
				DEBF82261CE43CD7009BB3CD /* BubbleChartXY.swift in Sources */,
				3E1A802A1CD8BFBE00ACA9F2 /* CustomeTableCell.swift in Sources */,
				DEBE17F71CE1D845006A0E2B /* AgeOfPatientViewController.swift in Sources */,
				3E1A80251CD8BFBE00ACA9F2 /* AppDelegate.swift in Sources */,
				DEBF82291CE43DC9009BB3CD /* Helper.swift in Sources */,
			);
			runOnlyForDeploymentPostprocessing = 0;
		};
		3E1A7FE41CD8A46F00ACA9F2 /* Sources */ = {
			isa = PBXSourcesBuildPhase;
			buildActionMask = 2147483647;
			files = (
				3E1A7FED1CD8A46F00ACA9F2 /* TestiOSChartsTests.swift in Sources */,
			);
			runOnlyForDeploymentPostprocessing = 0;
		};
		3E1A7FEF1CD8A46F00ACA9F2 /* Sources */ = {
			isa = PBXSourcesBuildPhase;
			buildActionMask = 2147483647;
			files = (
				3E1A7FF81CD8A46F00ACA9F2 /* TestiOSChartsUITests.swift in Sources */,
			);
			runOnlyForDeploymentPostprocessing = 0;
		};
/* End PBXSourcesBuildPhase section */

/* Begin PBXTargetDependency section */
		3E1A7FEA1CD8A46F00ACA9F2 /* PBXTargetDependency */ = {
			isa = PBXTargetDependency;
			target = 3E1A7FD31CD8A46F00ACA9F2 /* TestiOSCharts */;
			targetProxy = 3E1A7FE91CD8A46F00ACA9F2 /* PBXContainerItemProxy */;
		};
		3E1A7FF51CD8A46F00ACA9F2 /* PBXTargetDependency */ = {
			isa = PBXTargetDependency;
			target = 3E1A7FD31CD8A46F00ACA9F2 /* TestiOSCharts */;
			targetProxy = 3E1A7FF41CD8A46F00ACA9F2 /* PBXContainerItemProxy */;
		};
/* End PBXTargetDependency section */

/* Begin PBXVariantGroup section */
		3E1A7FE01CD8A46F00ACA9F2 /* LaunchScreen.storyboard */ = {
			isa = PBXVariantGroup;
			children = (
				3E1A7FE11CD8A46F00ACA9F2 /* Base */,
			);
			name = LaunchScreen.storyboard;
			sourceTree = "<group>";
		};
/* End PBXVariantGroup section */

/* Begin XCBuildConfiguration section */
		3E1A7FFA1CD8A46F00ACA9F2 /* Debug */ = {
			isa = XCBuildConfiguration;
			buildSettings = {
				ALWAYS_SEARCH_USER_PATHS = NO;
				CLANG_ANALYZER_NONNULL = YES;
				CLANG_CXX_LANGUAGE_STANDARD = "gnu++0x";
				CLANG_CXX_LIBRARY = "libc++";
				CLANG_ENABLE_MODULES = YES;
				CLANG_ENABLE_OBJC_ARC = YES;
				CLANG_WARN_BOOL_CONVERSION = YES;
				CLANG_WARN_CONSTANT_CONVERSION = YES;
				CLANG_WARN_DIRECT_OBJC_ISA_USAGE = YES_ERROR;
				CLANG_WARN_EMPTY_BODY = YES;
				CLANG_WARN_ENUM_CONVERSION = YES;
				CLANG_WARN_INT_CONVERSION = YES;
				CLANG_WARN_OBJC_ROOT_CLASS = YES_ERROR;
				CLANG_WARN_UNREACHABLE_CODE = YES;
				CLANG_WARN__DUPLICATE_METHOD_MATCH = YES;
				"CODE_SIGN_IDENTITY[sdk=iphoneos*]" = "iPhone Developer";
				COPY_PHASE_STRIP = NO;
				DEBUG_INFORMATION_FORMAT = dwarf;
				ENABLE_STRICT_OBJC_MSGSEND = YES;
				ENABLE_TESTABILITY = YES;
				GCC_C_LANGUAGE_STANDARD = gnu99;
				GCC_DYNAMIC_NO_PIC = NO;
				GCC_NO_COMMON_BLOCKS = YES;
				GCC_OPTIMIZATION_LEVEL = 0;
				GCC_PREPROCESSOR_DEFINITIONS = (
					"DEBUG=1",
					"$(inherited)",
				);
				GCC_WARN_64_TO_32_BIT_CONVERSION = YES;
				GCC_WARN_ABOUT_RETURN_TYPE = YES_ERROR;
				GCC_WARN_UNDECLARED_SELECTOR = YES;
				GCC_WARN_UNINITIALIZED_AUTOS = YES_AGGRESSIVE;
				GCC_WARN_UNUSED_FUNCTION = YES;
				GCC_WARN_UNUSED_VARIABLE = YES;
				IPHONEOS_DEPLOYMENT_TARGET = 9.3;
				MTL_ENABLE_DEBUG_INFO = YES;
				ONLY_ACTIVE_ARCH = YES;
				SDKROOT = iphoneos;
				SWIFT_OPTIMIZATION_LEVEL = "-Onone";
			};
			name = Debug;
		};
		3E1A7FFB1CD8A46F00ACA9F2 /* Release */ = {
			isa = XCBuildConfiguration;
			buildSettings = {
				ALWAYS_SEARCH_USER_PATHS = NO;
				CLANG_ANALYZER_NONNULL = YES;
				CLANG_CXX_LANGUAGE_STANDARD = "gnu++0x";
				CLANG_CXX_LIBRARY = "libc++";
				CLANG_ENABLE_MODULES = YES;
				CLANG_ENABLE_OBJC_ARC = YES;
				CLANG_WARN_BOOL_CONVERSION = YES;
				CLANG_WARN_CONSTANT_CONVERSION = YES;
				CLANG_WARN_DIRECT_OBJC_ISA_USAGE = YES_ERROR;
				CLANG_WARN_EMPTY_BODY = YES;
				CLANG_WARN_ENUM_CONVERSION = YES;
				CLANG_WARN_INT_CONVERSION = YES;
				CLANG_WARN_OBJC_ROOT_CLASS = YES_ERROR;
				CLANG_WARN_UNREACHABLE_CODE = YES;
				CLANG_WARN__DUPLICATE_METHOD_MATCH = YES;
				"CODE_SIGN_IDENTITY[sdk=iphoneos*]" = "iPhone Developer";
				COPY_PHASE_STRIP = NO;
				DEBUG_INFORMATION_FORMAT = "dwarf-with-dsym";
				ENABLE_NS_ASSERTIONS = NO;
				ENABLE_STRICT_OBJC_MSGSEND = YES;
				GCC_C_LANGUAGE_STANDARD = gnu99;
				GCC_NO_COMMON_BLOCKS = YES;
				GCC_WARN_64_TO_32_BIT_CONVERSION = YES;
				GCC_WARN_ABOUT_RETURN_TYPE = YES_ERROR;
				GCC_WARN_UNDECLARED_SELECTOR = YES;
				GCC_WARN_UNINITIALIZED_AUTOS = YES_AGGRESSIVE;
				GCC_WARN_UNUSED_FUNCTION = YES;
				GCC_WARN_UNUSED_VARIABLE = YES;
				IPHONEOS_DEPLOYMENT_TARGET = 9.3;
				MTL_ENABLE_DEBUG_INFO = NO;
				SDKROOT = iphoneos;
				VALIDATE_PRODUCT = YES;
			};
			name = Release;
		};
		3E1A7FFD1CD8A46F00ACA9F2 /* Debug */ = {
			isa = XCBuildConfiguration;
			baseConfigurationReference = B05CA19B5724DE3AABD1F3CF /* Pods-TestiOSCharts.debug.xcconfig */;
			buildSettings = {
				ASSETCATALOG_COMPILER_APPICON_NAME = AppIcon;
				INFOPLIST_FILE = TestiOSCharts/Info.plist;
				LD_RUNPATH_SEARCH_PATHS = "$(inherited) @executable_path/Frameworks";
				PRODUCT_BUNDLE_IDENTIFIER = frg.TestiOSCharts;
				PRODUCT_NAME = "$(TARGET_NAME)";
				TARGETED_DEVICE_FAMILY = 2;
			};
			name = Debug;
		};
		3E1A7FFE1CD8A46F00ACA9F2 /* Release */ = {
			isa = XCBuildConfiguration;
			baseConfigurationReference = E06DB3A32D35DCF45E739CBC /* Pods-TestiOSCharts.release.xcconfig */;
			buildSettings = {
				ASSETCATALOG_COMPILER_APPICON_NAME = AppIcon;
				INFOPLIST_FILE = TestiOSCharts/Info.plist;
				LD_RUNPATH_SEARCH_PATHS = "$(inherited) @executable_path/Frameworks";
				PRODUCT_BUNDLE_IDENTIFIER = frg.TestiOSCharts;
				PRODUCT_NAME = "$(TARGET_NAME)";
				TARGETED_DEVICE_FAMILY = 2;
			};
			name = Release;
		};
		3E1A80001CD8A46F00ACA9F2 /* Debug */ = {
			isa = XCBuildConfiguration;
			buildSettings = {
				BUNDLE_LOADER = "$(TEST_HOST)";
				INFOPLIST_FILE = TestiOSChartsTests/Info.plist;
				LD_RUNPATH_SEARCH_PATHS = "$(inherited) @executable_path/Frameworks @loader_path/Frameworks";
				PRODUCT_BUNDLE_IDENTIFIER = frg.TestiOSChartsTests;
				PRODUCT_NAME = "$(TARGET_NAME)";
				TEST_HOST = "$(BUILT_PRODUCTS_DIR)/TestiOSCharts.app/TestiOSCharts";
			};
			name = Debug;
		};
		3E1A80011CD8A46F00ACA9F2 /* Release */ = {
			isa = XCBuildConfiguration;
			buildSettings = {
				BUNDLE_LOADER = "$(TEST_HOST)";
				INFOPLIST_FILE = TestiOSChartsTests/Info.plist;
				LD_RUNPATH_SEARCH_PATHS = "$(inherited) @executable_path/Frameworks @loader_path/Frameworks";
				PRODUCT_BUNDLE_IDENTIFIER = frg.TestiOSChartsTests;
				PRODUCT_NAME = "$(TARGET_NAME)";
				TEST_HOST = "$(BUILT_PRODUCTS_DIR)/TestiOSCharts.app/TestiOSCharts";
			};
			name = Release;
		};
		3E1A80031CD8A46F00ACA9F2 /* Debug */ = {
			isa = XCBuildConfiguration;
			buildSettings = {
				INFOPLIST_FILE = TestiOSChartsUITests/Info.plist;
				LD_RUNPATH_SEARCH_PATHS = "$(inherited) @executable_path/Frameworks @loader_path/Frameworks";
				PRODUCT_BUNDLE_IDENTIFIER = frg.TestiOSChartsUITests;
				PRODUCT_NAME = "$(TARGET_NAME)";
				TEST_TARGET_NAME = TestiOSCharts;
			};
			name = Debug;
		};
		3E1A80041CD8A46F00ACA9F2 /* Release */ = {
			isa = XCBuildConfiguration;
			buildSettings = {
				INFOPLIST_FILE = TestiOSChartsUITests/Info.plist;
				LD_RUNPATH_SEARCH_PATHS = "$(inherited) @executable_path/Frameworks @loader_path/Frameworks";
				PRODUCT_BUNDLE_IDENTIFIER = frg.TestiOSChartsUITests;
				PRODUCT_NAME = "$(TARGET_NAME)";
				TEST_TARGET_NAME = TestiOSCharts;
			};
			name = Release;
		};
/* End XCBuildConfiguration section */

/* Begin XCConfigurationList section */
		3E1A7FCF1CD8A46F00ACA9F2 /* Build configuration list for PBXProject "TestiOSCharts" */ = {
			isa = XCConfigurationList;
			buildConfigurations = (
				3E1A7FFA1CD8A46F00ACA9F2 /* Debug */,
				3E1A7FFB1CD8A46F00ACA9F2 /* Release */,
			);
			defaultConfigurationIsVisible = 0;
			defaultConfigurationName = Release;
		};
		3E1A7FFC1CD8A46F00ACA9F2 /* Build configuration list for PBXNativeTarget "TestiOSCharts" */ = {
			isa = XCConfigurationList;
			buildConfigurations = (
				3E1A7FFD1CD8A46F00ACA9F2 /* Debug */,
				3E1A7FFE1CD8A46F00ACA9F2 /* Release */,
			);
			defaultConfigurationIsVisible = 0;
			defaultConfigurationName = Release;
		};
		3E1A7FFF1CD8A46F00ACA9F2 /* Build configuration list for PBXNativeTarget "TestiOSChartsTests" */ = {
			isa = XCConfigurationList;
			buildConfigurations = (
				3E1A80001CD8A46F00ACA9F2 /* Debug */,
				3E1A80011CD8A46F00ACA9F2 /* Release */,
			);
			defaultConfigurationIsVisible = 0;
			defaultConfigurationName = Release;
		};
		3E1A80021CD8A46F00ACA9F2 /* Build configuration list for PBXNativeTarget "TestiOSChartsUITests" */ = {
			isa = XCConfigurationList;
			buildConfigurations = (
				3E1A80031CD8A46F00ACA9F2 /* Debug */,
				3E1A80041CD8A46F00ACA9F2 /* Release */,
			);
			defaultConfigurationIsVisible = 0;
			defaultConfigurationName = Release;
		};
/* End XCConfigurationList section */
	};
	rootObject = 3E1A7FCC1CD8A46F00ACA9F2 /* Project object */;
}
